github.com/aws/aws-sdk-go-v2 v1.17.3/go.mod h1:uzbQtefpm44goOPmdKyAlXSNcwlRgF3ePWVW6EtJvvw=
github.com/aws/aws-sdk-go-v2 v1.21.0/go.mod h1:/RfNgGmRxI+iFOB1OeJUyxiU+9s88k3pfHvDagGEp0M=
github.com/aws/aws-sdk-go-v2 v1.21.2/go.mod h1:ErQhvNuEMhJjweavOYhxVkn2RUx7kQXVATHrjKtxIpM=
github.com/aws/aws-sdk-go-v2 v1.39.1 h1:fWZhGAwVRK/fAN2tmt7ilH4PPAE11rDj7HytrmbZ2FE=
github.com/aws/aws-sdk-go-v2 v1.39.1/go.mod h1:sDioUELIUO9Znk23YVmIk86/9DOpkbyyVb1i/gUNFXY=
github.com/aws/aws-sdk-go-v2/aws/protocol/eventstream v1.7.0 h1:6GMWV6CNpA/6fbFHnoAjrv4+LGfyTqZz2LtCHnspgDg=
github.com/aws/aws-sdk-go-v2/aws/protocol/eventstream v1.7.0/go.mod h1:/mXlTIVG9jbxkqDnr5UQNQxW1HRYxeGklkM9vAFeabg=
github.com/aws/aws-sdk-go-v2/config v1.28.10 h1:fKODZHfqQu06pCzR69KJ3GuttraRJkhlC8g80RZ0Dfg=
github.com/aws/aws-sdk-go-v2/config v1.28.10/go.mod h1:PvdxRYZ5Um9QMq9PQ0zHHNdtKK+he2NHtFCUFMXWXeg=
github.com/aws/aws-sdk-go-v2/credentials v1.17.51 h1:F/9Sm6Y6k4LqDesZDPJCLxQGXNNHd/ZtJiWd0lCZKRk=
github.com/aws/aws-sdk-go-v2/credentials v1.17.51/go.mod h1:TKbzCHm43AoPyA+iLGGcruXd4AFhF8tOmLex2R9jWNQ=
github.com/aws/aws-sdk-go-v2/feature/ec2/imds v1.16.24 h1:5grmdTdMsovn9kPZPI23Hhvp0ZyNm5cRO+IZFIYiAfw=
github.com/aws/aws-sdk-go-v2/feature/ec2/imds v1.16.24/go.mod h1:zqi7TVKTswH3Ozq28PkmBmgzG1tona7mo9G2IJg4Cis=
github.com/aws/aws-sdk-go-v2/internal/configsources v1.1.27/go.mod h1:a1/UpzeyBBerajpnP5nGZa9mGzsBn5cOKxm6NWQsvoI=
github.com/aws/aws-sdk-go-v2/internal/configsources v1.1.41/go.mod h1:CrObHAuPneJBlfEJ5T3szXOUkLEThaGfvnhTf33buas=
github.com/aws/aws-sdk-go-v2/internal/configsources v1.1.43/go.mod h1:auo+PiyLl0n1l8A0e8RIeR8tOzYPfZZH/JNlrJ8igTQ=
github.com/aws/aws-sdk-go-v2/internal/configsources v1.4.8 h1:6bgAZgRyT4RoFWhxS+aoGMFyE0cD1bSzFnEEi4bFPGI=
github.com/aws/aws-sdk-go-v2/internal/configsources v1.4.8/go.mod h1:KcGkXFVU8U28qS4KvLEcPxytPZPBcRawaH2Pf/0jptE=
github.com/aws/aws-sdk-go-v2/internal/endpoints/v2 v2.4.21/go.mod h1:+Gxn8jYn5k9ebfHEqlhrMirFjSW0v0C9fI+KN5vk2kE=
github.com/aws/aws-sdk-go-v2/internal/endpoints/v2 v2.4.35/go.mod h1:SJC1nEVVva1g3pHAIdCp7QsRIkMmLAgoDquQ9Rr8kYw=
github.com/aws/aws-sdk-go-v2/internal/endpoints/v2 v2.4.37/go.mod h1:Qe+2KtKml+FEsQF/DHmDV+xjtche/hwoF75EG4UlHW8=
github.com/aws/aws-sdk-go-v2/internal/endpoints/v2 v2.7.8 h1:HhJYoES3zOz34yWEpGENqJvRVPqpmJyR3+AFg9ybhdY=
github.com/aws/aws-sdk-go-v2/internal/endpoints/v2 v2.7.8/go.mod h1:JnA+hPWeYAVbDssp83tv+ysAG8lTfLVXvSsyKg/7xNA=
github.com/aws/aws-sdk-go-v2/internal/ini v1.8.2 h1:Pg9URiobXy85kgFev3og2CuOZ8JZUBENF+dcgWBaYNk=
github.com/aws/aws-sdk-go-v2/internal/ini v1.8.2/go.mod h1:FbtygfRFze9usAadmnGJNc8KsP346kEe+y2/oyhGAGc=
github.com/aws/aws-sdk-go-v2/internal/v4a v1.3.34 h1:ZNTqv4nIdE/DiBfUUfXcLZ/Spcuz+RjeziUtNJackkM=
github.com/aws/aws-sdk-go-v2/internal/v4a v1.3.34/go.mod h1:zf7Vcd1ViW7cPqYWEHLHJkS50X0JS2IKz9Cgaj6ugrs=
github.com/aws/aws-sdk-go-v2/service/acm v1.37.0 h1:IEdXOosmvsQhyLWB6hbbAxkErPQijjscB7GsSAvh7II=
github.com/aws/aws-sdk-go-v2/service/acm v1.37.0/go.mod h1:inwt4yADG+Fng+ZmrErI3pUgNJnf56lEq20p/co94q4=
github.com/aws/aws-sdk-go-v2/service/acmpca v1.38.0 h1:Gu6BhmpH3rIutQM/4uPqpSxT7/s359tsNN4ft0WV+sY=
github.com/aws/aws-sdk-go-v2/service/acmpca v1.38.0/go.mod h1:B3FF89zqbPv/BsOa1oGxMGudd8oto8+ddnyPG0SGvAA=
github.com/aws/aws-sdk-go-v2/service/amp v1.38.0 h1:qLNkXrOts5xHb0oihU7SKKeaZWVIY7He0Q/LCL/8NNQ=
github.com/aws/aws-sdk-go-v2/service/amp v1.38.0/go.mod h1:LouVPFytdICLhyHVjIlFAO4nE5OJi3KXO+VmOhKwGWI=
github.com/aws/aws-sdk-go-v2/service/apigateway v1.34.0 h1:IZAET61abhm3dZEMPwU6VLiXKVL2Qwvg0q7Bukpz/kA=
github.com/aws/aws-sdk-go-v2/service/apigateway v1.34.0/go.mod h1:WuGmD7SWYen7UZcDGptMvzl6bN5OZ1x+Io1eI5XN7kU=
github.com/aws/aws-sdk-go-v2/service/apigatewayv2 v1.32.0 h1:/hN/xkajYsY/GDZ2l6C27JnnI/FgcFI7VsiVL9RIbbQ=
github.com/aws/aws-sdk-go-v2/service/apigatewayv2 v1.32.0/go.mod h1:4U8RYnlnrhq3UaJx/O2pD2rvBPNmLSNFl1iVgK4dh/k=
github.com/aws/aws-sdk-go-v2/service/applicationautoscaling v1.38.0 h1:gt+ZqLthoEKRCB0Mkw4R/ABdCmW6Y53Dfn67LczfcDw=
github.com/aws/aws-sdk-go-v2/service/applicationautoscaling v1.38.0/go.mod h1:6t2ZF+2KvF8UI2XO5CmtuDO3mSqQ5iXAUbNZ/6cxCBc=
github.com/aws/aws-sdk-go-v2/service/apprunner v1.38.0 h1:L3izPS7rBuHqDOwEEGvGv+O/fb8voHIzvJ/akJu+yc4=
github.com/aws/aws-sdk-go-v2/service/apprunner v1.38.0/go.mod h1:frWyDpb1df0WCFQrMWz3EJMwSWHHd1ekv/MxB7xIgPg=
github.com/aws/aws-sdk-go-v2/service/athena v1.38.0 h1:Y+zFVR4kTZkj27xCcWxLQm0x6S/69ww9UesRJdb/nAI=
github.com/aws/aws-sdk-go-v2/service/athena v1.38.0/go.mod h1:vzLQ7VnwMhaVgHyQF7Eg7Hbx8cBN7/UW294MrRHDrgM=
github.com/aws/aws-sdk-go-v2/service/autoscaling v1.43.0 h1:G871v9jS1RyHPJk19JgyqCCVKw9p0nySH3VzpOKTDZU=
github.com/aws/aws-sdk-go-v2/service/autoscaling v1.43.0/go.mod h1:5XY8CFGBv6dZp/thbk8FRIAWjqNckM7PsL848KHdzjI=
github.com/aws/aws-sdk-go-v2/service/backup v1.38.0 h1:2H7ZIUzHLtv8CvJ/I2bDy9byQoatKC6gcdqGMeyEJGk=
github.com/aws/aws-sdk-go-v2/service/backup v1.38.0/go.mod h1:MWWsaecE5EujYI9tD9+yeDmKcPTkfrBhS9TPX5EYIEI=
github.com/aws/aws-sdk-go-v2/service/batch v1.38.0 h1:0ss8TfCJscCvd7ULEP9DYyhvahcxC9uapyahMmlrsjM=
github.com/aws/aws-sdk-go-v2/service/batch v1.38.0/go.mod h1:Go7Sz20JusyAuCbddxU7NKI36XH5cGFjsKE1N1uoXSM=
github.com/aws/aws-sdk-go-v2/service/budgets v1.38.0 h1:XtePF18sp2vcErOMzPeD13pEidiYe28rXmhPdEK9CUA=
github.com/aws/aws-sdk-go-v2/service/budgets v1.38.0/go.mod h1:IqipleKaucVL842LZ5vJECSJZFNHvUBE883fk8lwLkk=
github.com/aws/aws-sdk-go-v2/service/cloudformation v1.38.0 h1:crRtbJCNcF35icma3O7d+GmQl4u9zXt93D1c92eB37o=
github.com/aws/aws-sdk-go-v2/service/cloudformation v1.38.0/go.mod h1:yhcH0+oqVLuFLCin2WR7TxgtqJdX+F7VgZtKcC2B1aw=
github.com/aws/aws-sdk-go-v2/service/cloudfront v1.38.0 h1:EvpALEFWmTJrhWIQx/+U2H3jw+n5FLeiF7+Amr6nnEk=
github.com/aws/aws-sdk-go-v2/service/cloudfront v1.38.0/go.mod h1:Pri+xMTktTIOpTg/yYeCYgk4vOrv6sZLcB467ePRIoU=
github.com/aws/aws-sdk-go-v2/service/cloudtrail v1.38.0 h1:htNYTHG9P/9dggDA3Q+KfmFcPFhSpt9JPdcfDd3EswQ=
github.com/aws/aws-sdk-go-v2/service/cloudtrail v1.38.0/go.mod h1:V6maY4X+Z2wWBllN+OskcnXziUq7FyoACYXGYayY6IQ=
github.com/aws/aws-sdk-go-v2/service/cloudwatch v1.38.0 h1:vAfGwYFCcPDS9Bg7ckfMBer6olJLOHsOAVoKWpPIirs=
github.com/aws/aws-sdk-go-v2/service/cloudwatch v1.38.0/go.mod h1:U12sr6Lt14X96f16t+rR52+2BdqtydwN7DjEEHRMjO0=
github.com/aws/aws-sdk-go-v2/service/cloudwatchlogs v1.38.0 h1:nawnkdqwinpBukRuDd+h0eURWHk67W4OInSJrD4NJsE=
github.com/aws/aws-sdk-go-v2/service/cloudwatchlogs v1.38.0/go.mod h1:K27H8p8ZmsntKSSC8det8LuT5WahXoJ4vZqlWwKTRaM=
github.com/aws/aws-sdk-go-v2/service/codeartifact v1.38.0 h1:1C+Yz7k49GvoPUwrdr+OpEDxwnhbq3DzmwSpQK0onqo=
github.com/aws/aws-sdk-go-v2/service/codeartifact v1.38.0/go.mod h1:sZ1FARidDjzrsOQZB5yYJPzeWv/yMaa6OLr+c3xYDSM=
github.com/aws/aws-sdk-go-v2/service/codebuild v1.38.0 h1:J5eCNlLWKdryTGMHessfE0boJokfAw3tzBHIYq6Eta0=
github.com/aws/aws-sdk-go-v2/service/codebuild v1.38.0/go.mod h1:Y1N5of/lB+4lrrCcpImo41LaS1if4IO41iph4wqa0xs=
github.com/aws/aws-sdk-go-v2/service/codecommit v1.28.0 h1:fLw6vvLf8FvAZjne8taShMSIM8gsN6OB2KJCz/qMtyU=
github.com/aws/aws-sdk-go-v2/service/codecommit v1.28.0/go.mod h1:JsdLne5QNlqJdCQFm2DbHLNmNfEWSU7HnTuvi8SIl+E=
github.com/aws/aws-sdk-go-v2/service/codedeploy v1.28.0 h1:zID8UBQOO4iv0IeXXLlnhHWqPxoWJtxMXZ4kAWQBhrY=
github.com/aws/aws-sdk-go-v2/service/codedeploy v1.28.0/go.mod h1:JbkzZ7jxnq5In2Vli4KSBwa3SQBYsEljXnU9sLYV7i8=
github.com/aws/aws-sdk-go-v2/service/codepipeline v1.38.0 h1:oYEy8cOgXMEN8tNNnH9tOmEGaATZkMVZZBT+kiDyx24=
github.com/aws/aws-sdk-go-v2/service/codepipeline v1.38.0/go.mod h1:fLGjNeyN4aduz+LrpWje0ufvfadQnwZof389MwTeFtI=
github.com/aws/aws-sdk-go-v2/service/cognitoidentityprovider v1.38.0 h1:YOTbJAtGna5nQc0cFV7odVKNdG3NurB7SfAFh1wVTD4=
github.com/aws/aws-sdk-go-v2/service/cognitoidentityprovider v1.38.0/go.mod h1:TiLZ2/+WAEyG2PnuAYj/un46UJ7qBf5BWWTAKgaHP8I=
github.com/aws/aws-sdk-go-v2/service/configservice v1.38.0 h1:wYjyQSGDmaGWzDvDcbgIEsj827ciRXM1u2V6W+9OcAc=
github.com/aws/aws-sdk-go-v2/service/configservice v1.38.0/go.mod h1:/sYCs43O4z6BPTHHBW3q0Z0gTlTcSS/lnw9iPeCWT+w=
github.com/aws/aws-sdk-go-v2/service/controltower v1.26.0 h1:kEZC9UM7c+eIzVWPo9h8OP8hJhHwdafMcSazWEAIfVM=
github.com/aws/aws-sdk-go-v2/service/controltower v1.26.0/go.mod h1:87beVRCwWGm+cgHzr6aFzeA790g78M4AZHvmoVLthvI=
github.com/aws/aws-sdk-go-v2/service/costexplorer v1.38.0 h1:0q4pClt2ckd6awhQYEysexryCmA7q2HMI0O5dBrA5B8=
github.com/aws/aws-sdk-go-v2/service/costexplorer v1.38.0/go.mod h1:uLOg0o57AyQQhZGtUKIlcBJOKE53mO9bXKyrM9dFhy4=
github.com/aws/aws-sdk-go-v2/service/dax v1.21.0 h1:niyo+/kQ05nJeybuk7AMbyVD8O5fE01o9rMU6wnK5Bs=
github.com/aws/aws-sdk-go-v2/service/dax v1.21.0/go.mod h1:GNQa0lb+sN8wYxvVveXs6NYj7QE/ln1S6Zq8vdLvluI=
github.com/aws/aws-sdk-go-v2/service/dynamodb v1.38.0 h1:isKhHsjpQR3CypQJ4G1g8QWx7zNpiC/xKw1zjgJYVno=
github.com/aws/aws-sdk-go-v2/service/dynamodb v1.38.0/go.mod h1:xDvUyIkwBwNtVZJdHEwAuhFly3mezwdEWkbJ5oNYwIw=
github.com/aws/aws-sdk-go-v2/service/ec2 v1.185.0 h1:WPhQgVHZUEsIRGEFh5B7VmwFzTkYgk7CxjWxZOgjQco=
github.com/aws/aws-sdk-go-v2/service/ec2 v1.185.0/go.mod h1:kYXaB4FzyhEJjvrJ84oPnMElLiEAjGxxUunVW2tBSng=
github.com/aws/aws-sdk-go-v2/service/ecr v1.38.0 h1:+1IqznlfeMCgFWoWAuwRqykVc6gGoUUQFGXai+77KWs=
github.com/aws/aws-sdk-go-v2/service/ecr v1.38.0/go.mod h1:NqKnlZvLl4Tp2UH/GEc/nhbjmPQhwOXmLp2eldiszLM=
github.com/aws/aws-sdk-go-v2/service/ecs v1.42.0 h1:FvAROmrc7vjL5I90Ag4JR0/7NRnXYU9OpPOLUSzxnos=
github.com/aws/aws-sdk-go-v2/service/ecs v1.42.0/go.mod h1:qxSuZNUGNmgr4Yt6rK2n8F9w7pWn5eOqo8C+NmF9rmg=
github.com/aws/aws-sdk-go-v2/service/efs v1.38.0 h1:W8v+PwOUTeh3JE53yBW8nAaRkDvMq7mMO+/bvmYHAlI=
github.com/aws/aws-sdk-go-v2/service/efs v1.38.0/go.mod h1:ijPHatoNwxKTySdgDNoGUZw3toYwvRJKWwS/1dr3M/c=
github.com/aws/aws-sdk-go-v2/service/eks v1.51.0 h1:BYyB+byjQ7oyupe3v+YjTp1yfmfNEwChYA2naCc85xI=
github.com/aws/aws-sdk-go-v2/service/eks v1.51.0/go.mod h1:oaPCqTzAe8C5RQZJGRD4RENcV7A4n99uGxbD4rULbNg=
github.com/aws/aws-sdk-go-v2/service/elasticache v1.39.0 h1:g054qAZjl0D2ISEUYfh1EvDV2Z6g8s3X606Q9iV6r/0=
github.com/aws/aws-sdk-go-v2/service/elasticache v1.39.0/go.mod h1:AKYnQqdlH5hq65hpj73kZvAIu2JZnaBRxsGsu39JmM8=
github.com/aws/aws-sdk-go-v2/service/elasticloadbalancingv2 v1.38.0 h1:46AiEyxdxx66obnKE/FHbYKcFsV+9m0CwXDvftn/onQ=
github.com/aws/aws-sdk-go-v2/service/elasticloadbalancingv2 v1.38.0/go.mod h1:V/sx2Ja18AlrvTGQsilx8CAH0CPm+hpKdT9RbSpceik=
github.com/aws/aws-sdk-go-v2/service/eventbridge v1.38.0 h1:481QZ+k5Gs0kAh2srAXUXfy8Mvo8bnTtwvXxkh46iW8=
github.com/aws/aws-sdk-go-v2/service/eventbridge v1.38.0/go.mod h1:QiEUHcyXhCdsTzHAbfmgwlFEmW3WgfqL4L1bS+E9IlA=
github.com/aws/aws-sdk-go-v2/service/firehose v1.38.0 h1:+d8gLehVcLuLuW/pm0NkmShfYKUfs5xb138S/rQ71TI=
github.com/aws/aws-sdk-go-v2/service/firehose v1.38.0/go.mod h1:2jUHIaZATMAn0IskCYjb/rSn+X9kGlPtqHgjjMUp7Vo=
github.com/aws/aws-sdk-go-v2/service/glue v1.38.0 h1:gts2uzrK2C77GEVNFNdwN40K05bnP384EkcnZ8ILzQM=
github.com/aws/aws-sdk-go-v2/service/glue v1.38.0/go.mod h1:kXio9ACrVjRndIledemYxonQhqmfDFbgDH3/AIBx3Hk=
github.com/aws/aws-sdk-go-v2/service/grafana v1.30.0 h1:q8igUjHYqbjskJxA5CT4uxCMEYD9i4uV2MMSd4PMR7I=
github.com/aws/aws-sdk-go-v2/service/grafana v1.30.0/go.mod h1:LYAjxQeHmDeDHajiAQofIQLFzUfioTLXNl79+9olIkU=
github.com/aws/aws-sdk-go-v2/service/guardduty v1.38.0 h1:N9jcUiSIqPqqCb3xGFHG+yxBh+IwjzJFEVeZep0CuPQ=
github.com/aws/aws-sdk-go-v2/service/guardduty v1.38.0/go.mod h1:bIPdOf3qIBbhhKb4t/PXQnqoR+eQMWO76nSdgpoFBJg=
github.com/aws/aws-sdk-go-v2/service/iam v1.38.3 h1:2sFIoFzU1IEL9epJWubJm9Dhrn45aTNEJuwsesaCGnk=
github.com/aws/aws-sdk-go-v2/service/iam v1.38.3/go.mod h1:KzlNINwfr/47tKkEhgk0r10/OZq3rjtyWy0txL3lM+I=
github.com/aws/aws-sdk-go-v2/service/inspector2 v1.38.0 h1:YpKaLZoCEtb6Z6IqgIsZePBBQfeyPeWk5h2HcCn5kjk=
github.com/aws/aws-sdk-go-v2/service/inspector2 v1.38.0/go.mod h1:6usonUxMtrrQ1OuxxJeBR2tR1PZcwjc2/e//xK2rmtQ=
github.com/aws/aws-sdk-go-v2/service/internal/accept-encoding v1.12.2 h1:D4oz8/CzT9bAEYtVhSBmFj2dNOtaHOtMKc2vHBwYizA=
github.com/aws/aws-sdk-go-v2/service/internal/accept-encoding v1.12.2/go.mod h1:Za3IHqTQ+yNcRHxu1OFucBh0ACZT4j4VQFF0BqpZcLY=
github.com/aws/aws-sdk-go-v2/service/internal/checksum v1.3.6 h1:NkHCgg0Ck86c5PTOzBZ0JRccI51suJDg5lgFtxBu1ek=
github.com/aws/aws-sdk-go-v2/service/internal/checksum v1.3.6/go.mod h1:mjTpxjC8v4SeINTngrnKFgm2QUi+Jm+etTbCxh8W4uU=
github.com/aws/aws-sdk-go-v2/service/internal/endpoint-discovery v1.10.6 h1:nbmKXZzXPJn41CcD4HsHsGWqvKjLKz9kWu6XxvLmf1s=
github.com/aws/aws-sdk-go-v2/service/internal/endpoint-discovery v1.10.6/go.mod h1:SJhcisfKfAawsdNQoZMBEjg+vyN2lH6rO6fP+T94z5Y=
github.com/aws/aws-sdk-go-v2/service/internal/presigned-url v1.12.9 h1:TQmKDyETFGiXVhZfQ/I0cCFziqqX58pi4tKJGYGFSz0=
github.com/aws/aws-sdk-go-v2/service/internal/presigned-url v1.12.9/go.mod h1:HVLPK2iHQBUx7HfZeOQSEu3v2ubZaAY2YPbAm5/WUyY=
github.com/aws/aws-sdk-go-v2/service/internal/s3shared v1.17.4 h1:uDj2K47EM1reAYU9jVlQ1M5YENI1u6a/TxJpf6AeOLA=
github.com/aws/aws-sdk-go-v2/service/internal/s3shared v1.17.4/go.mod h1:XKCODf4RKHppc96c2EZBGV/oCUC7OClxAo2MEyg4pIk=
github.com/aws/aws-sdk-go-v2/service/kafka v1.38.0 h1:ShW33PZz+KV93jpmbi4a99KbIVmTz844EWf/YVWLDSU=
github.com/aws/aws-sdk-go-v2/service/kafka v1.38.0/go.mod h1:3KnQKNDq5ZfkBjJOFm6A90SFBjrz5PKCg4OEff0H1Co=
github.com/aws/aws-sdk-go-v2/service/kinesis v1.38.0 h1:8acX21qNMUs/QTHB3iNpixJViYsu7sSWSmZVzdriRcw=
github.com/aws/aws-sdk-go-v2/service/kinesis v1.38.0/go.mod h1:No5RhgJ+mKYZKCSrJQOdDtyz+8dAfNaeYwMnTJBJV/Q=
github.com/aws/aws-sdk-go-v2/service/kms v1.38.0 h1:+2/0Cq0R/audJhwM1GpJMg8X1TTrMKDFRLO5RMaNRU0=
github.com/aws/aws-sdk-go-v2/service/kms v1.38.0/go.mod h1:cQn6tAF77Di6m4huxovNM7NVAozWTZLsDRp9t8Z/WYk=
github.com/aws/aws-sdk-go-v2/service/lambda v1.56.0 h1:TE7/Fs7TJx0lw3KkAsPzwNphPClaFoLZLWybET9AAw8=
github.com/aws/aws-sdk-go-v2/service/lambda v1.56.0/go.mod h1:5drdANY67aOvUNJLjBEg2HXeCXkk0MDurqsJs73TXVQ=
github.com/aws/aws-sdk-go-v2/service/memorydb v1.21.0 h1:YzYRaBwjtQDc7W1xmSUnTe1QCLXZGewH7pxHCZ6jvVA=
github.com/aws/aws-sdk-go-v2/service/memorydb v1.21.0/go.mod h1:BRIqKP1b+aUQO63Cs+1wVnGFaxlTLxuASZyEGXYVXTM=
github.com/aws/aws-sdk-go-v2/service/mq v1.34.0 h1:JzLtIS1mKKGizvjiKNRNZZVryiUbMoj9e8A9/Y8dbc4=
github.com/aws/aws-sdk-go-v2/service/mq v1.34.0/go.mod h1:/cY5DP3yOf7chKkiHdKrwv1sN0sYu1YoTff2pmLbnbs=
github.com/aws/aws-sdk-go-v2/service/networkfirewall v1.38.0 h1:6etY7WF0D3R6CIBW2w9InXLoqcREtueMX87ZcsOMHwo=
github.com/aws/aws-sdk-go-v2/service/networkfirewall v1.38.0/go.mod h1:WCxKTMr5kfKE71JtCB5lIhz9G56jxhMbTB1d+wTdlV4=
github.com/aws/aws-sdk-go-v2/service/opensearch v1.38.0 h1:jfKW0WZJVAC9vsUQenF1hi5I8snKJHeZeL1svgQnyNc=
github.com/aws/aws-sdk-go-v2/service/opensearch v1.38.0/go.mod h1:ioWTdahe+YHg/nLa1nYwUZAIhMUTruCkL+qWoDlgd3E=
github.com/aws/aws-sdk-go-v2/service/opensearchserverless v1.10.0 h1:w+CYdc75KgExavwOTWZPhiaTKJqys2aeO+5Y40SSD2M=
github.com/aws/aws-sdk-go-v2/service/opensearchserverless v1.10.0/go.mod h1:iYmmMOFZ9/CnyYVFtKph6125oEtq/Adqy93XnE7dWXU=
github.com/aws/aws-sdk-go-v2/service/organizations v1.38.0 h1:LdSzIkEV6rNj7QA0T/wV4q0t7vabjrrDM/qaBNzMib4=
github.com/aws/aws-sdk-go-v2/service/organizations v1.38.0/go.mod h1:iYC/SPpI4WveHr4ZzPFWTmXRODyJub5Aif75W7Ll+yM=
github.com/aws/aws-sdk-go-v2/service/pipes v1.10.0 h1:eKx+/HDTbvL6yrAmnmb0wN0cOY88/LQ4cDzUKxV5sP4=
github.com/aws/aws-sdk-go-v2/service/pipes v1.10.0/go.mod h1:ZKBJQ+/ymx5jTX2//YVSutuQICmkkI5TZfL3mk9Fawc=
github.com/aws/aws-sdk-go-v2/service/ram v1.34.0 h1:3uVgEYqBqB9b04qtrOMSx0xNqf526y0t8FyY3/SayLI=
github.com/aws/aws-sdk-go-v2/service/ram v1.34.0/go.mod h1:3dSTfDjCmvdAMxZ14CoMMHqqRf2SwpZbOxxnhrmkoeA=
github.com/aws/aws-sdk-go-v2/service/rds v1.73.0 h1:Cq8KqaoLISfjtKBeaZY0rVmjb22J1j9N+M/BYGfXrXQ=
github.com/aws/aws-sdk-go-v2/service/rds v1.73.0/go.mod h1:VwhpZOXYa/PPsZgcGpXFNe5bdL4Rlcv+1Z7nGKX8MVI=
github.com/aws/aws-sdk-go-v2/service/redshift v1.38.0 h1:eWo68rwvDELwiBTi3KTTCk/eQE0qWYMkE5nTBEQcqzQ=
github.com/aws/aws-sdk-go-v2/service/redshift v1.38.0/go.mod h1:epg318wXanl5zhgT/X2e1t3ZPzUAwFN3xVV+/CSNlUQ=
github.com/aws/aws-sdk-go-v2/service/route53 v1.46.4 h1:0jMtawybbfpFEIMy4wvfyW2Z4YLr7mnuzT0fhR67Nrc=
github.com/aws/aws-sdk-go-v2/service/route53 v1.46.4/go.mod h1:xlMODgumb0Pp8bzfpojqelDrf8SL9rb5ovwmwKJl+oU=
github.com/aws/aws-sdk-go-v2/service/route53resolver v1.38.0 h1:HRDZKs73kNRsb+5MhAz4+ONvPgiXVmgTfsj4/PoJIWs=
github.com/aws/aws-sdk-go-v2/service/route53resolver v1.38.0/go.mod h1:b9+yk2umEzWK2xzbsBZDrAeG63ia8B1ess7IyZG+mX4=
github.com/aws/aws-sdk-go-v2/service/s3 v1.53.0 h1:r3o2YsgW9zRcIP3Q0WCmttFVhTuugeKIvT5z9xDspc0=
github.com/aws/aws-sdk-go-v2/service/s3 v1.53.0/go.mod h1:w2E4f8PUfNtyjfL6Iu+mWI96FGttE03z3UdNcUEC4tA=
github.com/aws/aws-sdk-go-v2/service/s3control v1.44.0 h1:n5/sznuAmdZ7yqin2b+Odcp+or57yviqtERidxuDEOQ=
github.com/aws/aws-sdk-go-v2/service/s3control v1.44.0/go.mod h1:fleyaflmpc/7oWBCIPdpmCYVI7la9j1ZefrTYUY5zt4=
github.com/aws/aws-sdk-go-v2/service/scheduler v1.16.0 h1:vlmeLcOZ1PtqEpgRIZOOw49DABG9EWYkHHmC96IBgBM=
github.com/aws/aws-sdk-go-v2/service/scheduler v1.16.0/go.mod h1:2XG5FGAj7Ao8KR3scdaU76/YEsdUG304Qt1dIUfHIGM=
github.com/aws/aws-sdk-go-v2/service/secretsmanager v1.38.0 h1:r5HePq6z0BEXHOZ5/k6bLZVYMSAplzNbvBxHlb2R31A=
github.com/aws/aws-sdk-go-v2/service/secretsmanager v1.38.0/go.mod h1:Vjg2dOkHDyjU1GFkMtly8DF0r2hKzddAnotNHN6qovY=
github.com/aws/aws-sdk-go-v2/service/securityhub v1.38.0 h1:EeJFBrhhBcJmDvDM3DXKa1L7WaOjD5SR5NOKdLcvpjg=
github.com/aws/aws-sdk-go-v2/service/securityhub v1.38.0/go.mod h1:T1iphqNYdWF50nRQ++jMxIYe5Gw63/eeP0as72YtzwI=
github.com/aws/aws-sdk-go-v2/service/servicecatalog v1.38.0 h1:QjE65yfmohS+lD5/46KWr28+GV7sGDOU26NwKAQQdsw=
github.com/aws/aws-sdk-go-v2/service/servicecatalog v1.38.0/go.mod h1:URhjvFxHYs0mZrw4xDFeE0v4UxADHoS8zz1FuamMLo4=
github.com/aws/aws-sdk-go-v2/service/servicediscovery v1.38.0 h1:zQ78zrO5o29Sx+pPK2AYaf6WY2tvmZ2DQcYnX9NfhNE=
github.com/aws/aws-sdk-go-v2/service/servicediscovery v1.38.0/go.mod h1:nnG6Pe7Qu1Bv/mE3eL/3gCiQYrAWyXFXDOtOKcC7eh0=
github.com/aws/aws-sdk-go-v2/service/sesv2 v1.38.0 h1:Nz9WltbMWYjdToRqG4hXAEPzf/UVI7qgqcI5nimJr+w=
github.com/aws/aws-sdk-go-v2/service/sesv2 v1.38.0/go.mod h1:XUFz1JwejDI6wpMZ1hkBd4wWQbsoi4whFbU4zgyJAgw=
github.com/aws/aws-sdk-go-v2/service/sfn v1.38.0 h1:qDg+pW4hxuM1zlixvZy3EyRxGiy4FknvKwfYHsUGvYw=
github.com/aws/aws-sdk-go-v2/service/sfn v1.38.0/go.mod h1:UXg+xZNhGCuhG8tg8Qj9XBH3qRA5WgmJkelLEyOassI=
github.com/aws/aws-sdk-go-v2/service/shield v1.28.0 h1:2P4A/PQsneF2PsjFn283jssBmgh8i+Xl6mIcmHJ9rpc=
github.com/aws/aws-sdk-go-v2/service/shield v1.28.0/go.mod h1:nVZxCxhvntB6UcRxVK0X86Ab/LHFxQaHvTxBwfN4RRU=
github.com/aws/aws-sdk-go-v2/service/sns v1.29.0 h1:7EIbjw6JdNpNYOy/OEWCsYtAYzpQ8I94HdSv22jo1yc=
github.com/aws/aws-sdk-go-v2/service/sns v1.29.0/go.mod h1:Je6tsVODi2e/0GpfbXtsP/wu1ZaXVe8C9SSiEr3h7OY=
github.com/aws/aws-sdk-go-v2/service/sqs v1.31.0 h1:QpCpvy+60VQ8BeIoQRwNA+sUGQr7fZxgF7B151RVMxw=
github.com/aws/aws-sdk-go-v2/service/sqs v1.31.0/go.mod h1:WBcfcQFNtBlD+ACJ0hpIxB6tPkee5RKXndXaVQ0WyhQ=
github.com/aws/aws-sdk-go-v2/service/ssm v1.38.0 h1:JON9MBvwUlM8HXylfB2caZuH3VXz9RxO4SMp2+TNc3Q=
github.com/aws/aws-sdk-go-v2/service/ssm v1.38.0/go.mod h1:JjBzoceyKkpQY3v1GPIdg6kHqUFHRJ7SDlwtwoH0Qh8=
github.com/aws/aws-sdk-go-v2/service/sso v1.24.9 h1:YqtxripbjWb2QLyzRK9pByfEDvgg95gpC2AyDq4hFE8=
github.com/aws/aws-sdk-go-v2/service/sso v1.24.9/go.mod h1:lV8iQpg6OLOfBnqbGMBKYjilBlf633qwHnBEiMSPoHY=
github.com/aws/aws-sdk-go-v2/service/ssoadmin v1.36.0 h1:zW0XCIX3weYJpbbE+8GIWK+ewISjcm9XuItb/+90UDc=
github.com/aws/aws-sdk-go-v2/service/ssoadmin v1.36.0/go.mod h1:33Y0SLyIseFE7x9sk4TwQTGZLvKCEoQNMaBIyRc6S8E=
github.com/aws/aws-sdk-go-v2/service/ssooidc v1.28.9 h1:I1TsPEs34vbpOnR81GIcAq4/3Ud+jRHVGwx6qLQUHLs=
github.com/aws/aws-sdk-go-v2/service/ssooidc v1.28.9/go.mod h1:Fzsj6lZEb8AkTE5S68OhcbBqeWPsR8RnGuKPr8Todl8=
github.com/aws/aws-sdk-go-v2/service/sts v1.33.6 h1:VwhTrsTuVn52an4mXx29PqRzs2Dvu921NpGk7y43tAM=
github.com/aws/aws-sdk-go-v2/service/sts v1.33.6/go.mod h1:+8h7PZb3yY5ftmVLD7ocEoE98hdc8PoKS0H3wfx1dlc=
github.com/aws/aws-sdk-go-v2/service/vpclattice v1.18.0 h1:wgyutrxPxltsKPN+uRPAAg7/AmlXPaIvib1ym0HtWBA=
github.com/aws/aws-sdk-go-v2/service/vpclattice v1.18.0/go.mod h1:fpaFEktEkXSRcNsqAAWZ+fCPzWQMwEAqZzEhbdeTvrQ=
github.com/aws/aws-sdk-go-v2/service/wafv2 v1.38.0 h1:y5IC3gNQsWv4lH5T+WXJurO+WPam3SIgG9XRLnn0p5c=
github.com/aws/aws-sdk-go-v2/service/wafv2 v1.38.0/go.mod h1:DpoiivzlPvNw05xkjn205amYUbzSngKQCJ13QmTVaeo=
github.com/aws/aws-sdk-go-v2/service/xray v1.36.0 h1:/bIf4FBZdnYsciaXBoTgRMgUwVkU0AZNF9R6e1FejqU=
github.com/aws/aws-sdk-go-v2/service/xray v1.36.0/go.mod h1:k0r/zDiz2HVcFUqlTVy6g2rpRT0zkoQPsSP7vsravIg=
github.com/aws/smithy-go v1.13.5/go.mod h1:Tg+OJXh4MB2R/uN61Ko2f6hTZwB/ZYGOtib8J3gBHzA=
github.com/aws/smithy-go v1.14.2/go.mod h1:Tg+OJXh4MB2R/uN61Ko2f6hTZwB/ZYGOtib8J3gBHzA=
github.com/aws/smithy-go v1.15.0/go.mod h1:Tg+OJXh4MB2R/uN61Ko2f6hTZwB/ZYGOtib8J3gBHzA=
github.com/aws/smithy-go v1.23.0 h1:8n6I3gXzWJB2DxBDnfxgBaSX6oe0d/t10qGz7OKqMCE=
github.com/aws/smithy-go v1.23.0/go.mod h1:t1ufH5HMublsJYulve2RKmHDC15xu1f26kHCp/HgceI=
github.com/beorn7/perks v1.0.1 h1:VlbKKnNfV8bJzeqoa4cOKqO6bYr3WgKZxO8Z16+hsOM=
github.com/beorn7/perks v1.0.1/go.mod h1:G2ZrVWU2WbWT9wwq4/hrbKbnv/1ERSJQ0ibhJ6rlkpw=
github.com/cespare/xxhash/v2 v2.2.0 h1:DC2CZ1Ep5Y4k3ZQ899DldepgrayRUGE6BBZ/cd9Cj44=
github.com/cespare/xxhash/v2 v2.2.0/go.mod h1:VGX0DQ3Q6kWi7AoAeZDth3/j3BFtOZR5XLFGgcrjCOs=
github.com/chzyer/logex v1.1.10/go.mod h1:+Ywpsq7O8HXn0nuIou7OrIPyXbp3wmkHB+jjWRnGsAI=
github.com/chzyer/readline v0.0.0-20180603132655-2972be24d48e/go.mod h1:nSuG5e5PlCu98SY8svDHJxuZscDgtXS6KTTbou5AhLI=
github.com/chzyer/test v0.0.0-20180213035817-a1ea475d72b1/go.mod h1:Q3SI9o4m/ZMnBNeIyt5eFwwo7qiLfzFZmjNmxjkiQlU=
github.com/creack/pty v1.1.9/go.mod h1:oKZEueFk5CKHvIhNR5MUki03XCEU+Q6VDXinZuGJ33E=
github.com/davecgh/go-spew v1.1.0/go.mod h1:J7Y8YcW2NihsgmVo/mv3lAwl/skON4iLHjSsI+c5H38=
github.com/davecgh/go-spew v1.1.1 h1:vj9j/u1bqnvCEfJOwUhtlOARqs3+rkHYY13jYWTU97c=
github.com/davecgh/go-spew v1.1.1/go.mod h1:J7Y8YcW2NihsgmVo/mv3lAwl/skON4iLHjSsI+c5H38=
github.com/emicklei/go-restful/v3 v3.11.0 h1:rAQeMHw1c7zTmncogyy8VvRZwtkmkZ4FxERmMY4rD+g=
github.com/emicklei/go-restful/v3 v3.11.0/go.mod h1:6n3XBCmQQb25CM2LCACGz8ukIrRry+4bhvbpWn3mrbc=
github.com/evanphx/json-patch v4.12.0+incompatible h1:4onqiflcdA9EOZ4RxV643DvftH5pOlLGNtQ5lPWQu84=
github.com/evanphx/json-patch v4.12.0+incompatible/go.mod h1:50XU6AFN0ol/bzJsmQLiYLvXMP4fmwYFNcr97nuDLSk=
github.com/evanphx/json-patch/v5 v5.8.0 h1:lRj6N9Nci7MvzrXuX6HFzU8XjmhPiXPlsKEy1u0KQro=
github.com/evanphx/json-patch/v5 v5.8.0/go.mod h1:VNkHZ/282BpEyt/tObQO8s5CMPmYYq14uClGH4abBuQ=
github.com/fsnotify/fsnotify v1.7.0 h1:8JEhPFa5W2WU7YfeZzPNqzMP6Lwt7L2715Ggo0nosvA=
github.com/fsnotify/fsnotify v1.7.0/go.mod h1:40Bi/Hjc2AVfZrqy+aj+yEI+/bRxZnMJyTJwOpGvigM=
github.com/go-logr/logr v1.3.0/go.mod h1:9T104GzyrTigFIr8wt5mBrctHMim0Nb2HLGrmQ40KvY=
github.com/go-logr/logr v1.4.1 h1:pKouT5E8xu9zeFC39JXRDukb6JFQPXM5p5I91188VAQ=
github.com/go-logr/logr v1.4.1/go.mod h1:9T104GzyrTigFIr8wt5mBrctHMim0Nb2HLGrmQ40KvY=
github.com/go-logr/zapr v1.3.0 h1:XGdV8XW8zdwFiwOA2Dryh1gj2KRQyOOoNmBy4EplIcQ=
github.com/go-logr/zapr v1.3.0/go.mod h1:YKepepNBd1u/oyhd/yQmtjVXmm9uML4IXUgMOwR8/Gg=
github.com/go-openapi/jsonpointer v0.19.6 h1:eCs3fxoIi3Wh6vtgmLTOjdhSpiqphQ+DaPn38N2ZdrE=
github.com/go-openapi/jsonpointer v0.19.6/go.mod h1:osyAmYz/mB/C3I+WsTTSgw1ONzaLJoLCyoi6/zppojs=
github.com/go-openapi/jsonreference v0.20.2 h1:3sVjiK66+uXK/6oQ8xgcRKcFgQ5KXa2KvnJRumpMGbE=
github.com/go-openapi/jsonreference v0.20.2/go.mod h1:Bl1zwGIM8/wsvqjsOQLJ/SH+En5Ap4rVB5KVcIDZG2k=
github.com/go-openapi/swag v0.22.3 h1:yMBqmnQ0gyZvEb/+KzuWZOXgllrXT4SADYbvDaXHv/g=
github.com/go-openapi/swag v0.22.3/go.mod h1:UzaqsxGiab7freDnrUUra0MwWfN/q7tE4j+VcZ0yl14=
github.com/go-task/slim-sprig v0.0.0-20230315185526-52ccab3ef572 h1:tfuBGBXKqDEevZMzYi5KSi8KkcZtzBcTgAUUtapy0OI=
github.com/go-task/slim-sprig v0.0.0-20230315185526-52ccab3ef572/go.mod h1:9Pwr4B2jHnOSGXyyzV8ROjYa2ojvAY6HCGYYfMoC3Ls=
github.com/gogo/protobuf v1.3.2 h1:Ov1cvc58UF3b5XjBnZv7+opcTcQFZebYjWzi34vdm4Q=
github.com/gogo/protobuf v1.3.2/go.mod h1:P1XiOD3dCwIKUDQYPy72D8LYyHL2YPYrpS2s69NZV8Q=
github.com/golang/groupcache v0.0.0-20210331224755-41bb18bfe9da h1:oI5xCqsCo564l8iNU+DwB5epxmsaqB+rhGL0m5jtYqE=
github.com/golang/groupcache v0.0.0-20210331224755-41bb18bfe9da/go.mod h1:cIg4eruTrX1D+g88fzRXU5OdNfaM+9IcxsU14FzY7Hc=
github.com/golang/protobuf v1.3.1/go.mod h1:6lQm79b+lXiMfvg/cZm0SGofjICqVBUtrP5yJMmIC1U=
github.com/golang/protobuf v1.5.0/go.mod h1:FsONVRAS9T7sI+LIUmWTfcYkHO4aIWwzhcaSAoJOfIk=
github.com/golang/protobuf v1.5.3 h1:KhyjKVUg7Usr/dYsdSqoFveMYd5ko72D+zANwlG1mmg=
github.com/golang/protobuf v1.5.3/go.mod h1:XVQd3VNwM+JqD3oG2Ue2ip4fOMUkwXdXDdiuN0vRsmY=
github.com/google/gnostic-models v0.6.8 h1:yo/ABAfM5IMRsS1VnXjTBvUb61tFIHozhlYvRgGre9I=
github.com/google/gnostic-models v0.6.8/go.mod h1:5n7qKqH0f5wFt+aWF8CW6pZLLNOfYuF5OpfBSENuI8U=
github.com/google/go-cmp v0.5.5/go.mod h1:v8dTdLbMG2kIc/vJvl+f65V22dbkXbowE6jgT/gNBxE=
github.com/google/go-cmp v0.5.8/go.mod h1:17dUlkBOakJ0+DkrSSNjCkIjxS6bF9zb3elmeNGIjoY=
github.com/google/go-cmp v0.5.9/go.mod h1:17dUlkBOakJ0+DkrSSNjCkIjxS6bF9zb3elmeNGIjoY=
github.com/google/go-cmp v0.6.0 h1:ofyhxvXcZhMsU5ulbFiLKl/XBFqE1GSq7atu8tAmTRI=
github.com/google/go-cmp v0.6.0/go.mod h1:17dUlkBOakJ0+DkrSSNjCkIjxS6bF9zb3elmeNGIjoY=
github.com/google/gofuzz v1.0.0/go.mod h1:dBl0BpW6vV/+mYPU4Po3pmUjxk6FQPldtuIdl/M65Eg=
github.com/google/gofuzz v1.2.0 h1:xRy4A+RhZaiKjJ1bPfwQ8sedCA+YS2YcCHW6ec7JMi0=
github.com/google/gofuzz v1.2.0/go.mod h1:dBl0BpW6vV/+mYPU4Po3pmUjxk6FQPldtuIdl/M65Eg=
github.com/google/pprof v0.0.0-20210720184732-4bb14d4b1be1 h1:K6RDEckDVWvDI9JAJYCmNdQXq6neHJOYx3V6jnqNEec=
github.com/google/pprof v0.0.0-20210720184732-4bb14d4b1be1/go.mod h1:kpwsk12EmLew5upagYY7GY0pfYCcupk39gWOCRROcvE=
github.com/google/uuid v1.3.0 h1:t6JiXgmwXMjEs8VusXIJk2BXHsn+wx8BZdTaoZ5fu7I=
github.com/google/uuid v1.3.0/go.mod h1:TIyPZe4MgqvfeYDBFedMoGGpEw/LqOeaOT+nhxU+yHo=
github.com/ianlancetaylor/demangle v0.0.0-20200824232613-28f6c0f3b639/go.mod h1:aSSvb/t6k1mPoxDqO4vJh6VOCGPwU4O0C2/Eqndh1Sc=
github.com/imdario/mergo v0.3.6 h1:xTNEAn+kxVO7dTZGu0CegyqKZmoWFI0rF8UxjlB2d28=
github.com/imdario/mergo v0.3.6/go.mod h1:2EnlNZ0deacrJVfApfmtdGgDfMuh/nq6Ok1EcJh5FfA=
github.com/jmespath/go-jmespath v0.4.0 h1:BEgLn5cpjn8UN1mAw4NjwDrS35OdebyEtFe+9YPoQUg=
github.com/jmespath/go-jmespath v0.4.0/go.mod h1:T8mJZnbsbmF+m6zOOFylbeCJqk5+pHWvzYPziyZiYoo=
github.com/jmespath/go-jmespath/internal/testify v1.5.1 h1:shLQSRRSCCPj3f2gpwzGwWFoC7ycTf1rcQZHOlsJ6N8=
github.com/jmespath/go-jmespath/internal/testify v1.5.1/go.mod h1:L3OGu8Wl2/fWfCI6z80xFu9LTZmf1ZRjMHUOPmWr69U=
github.com/josharian/intern v1.0.0 h1:vlS4z54oSdjm0bgjRigI+G1HpF+tI+9rE5LLzOg8HmY=
github.com/josharian/intern v1.0.0/go.mod h1:5DoeVV0s6jJacbCEi61lwdGj/aVlrQvzHFFd8Hwg//Y=
github.com/json-iterator/go v1.1.12 h1:PV8peI4a0ysnczrg+LtxykD8LfKY9ML6u2jnxaEnrnM=
github.com/json-iterator/go v1.1.12/go.mod h1:e30LSqwooZae/UwlEbR2852Gd8hjQvJoHmT4TnhNGBo=
github.com/kisielk/errcheck v1.5.0/go.mod h1:pFxgyoBC7bSaBwPgfKdkLd5X25qrDl4LWUI2bnpBCr8=
github.com/kisielk/gotool v1.0.0/go.mod h1:XhKaO+MFFWcvkIS/tQcRk01m1F5IRFswLeQ+oQHNcck=
github.com/kr/pretty v0.2.1/go.mod h1:ipq/a2n7PKx3OHsz4KJII5eveXtPO4qwEXGdVfWzfnI=
github.com/kr/pretty v0.3.1 h1:flRD4NNwYAUpkphVc1HcthR4KEIFJ65n8Mw5qdRn3LE=
github.com/kr/pretty v0.3.1/go.mod h1:hoEshYVHaxMs3cyo3Yncou5ZscifuDolrwPKZanG3xk=
github.com/kr/pty v1.1.1/go.mod h1:pFQYn66WHrOpPYNljwOMqo10TkYh1fy3cYio2l3bCsQ=
github.com/kr/text v0.1.0/go.mod h1:4Jbv+DJW3UT/LiOwJeYQe1efqtUx/iVham/4vfdArNI=
github.com/kr/text v0.2.0 h1:5Nx0Ya0ZqY2ygV366QzturHI13Jq95ApcVaJBhpS+AY=
github.com/kr/text v0.2.0/go.mod h1:eLer722TekiGuMkidMxC/pM04lWEeraHUUmBw8l2grE=
github.com/mailru/easyjson v0.7.7 h1:UGYAvKxe3sBsEDzO8ZeWOSlIQfWFlxbzLZe7hwFURr0=
github.com/mailru/easyjson v0.7.7/go.mod h1:xzfreul335JAWq5oZzymOObrkdz5UnU4kGfJJLY9Nlc=
github.com/matttproud/golang_protobuf_extensions/v2 v2.0.0 h1:jWpvCLoY8Z/e3VKvlsiIGKtc+UG6U5vzxaoagmhXfyg=
github.com/matttproud/golang_protobuf_extensions/v2 v2.0.0/go.mod h1:QUyp042oQthUoa9bqDv0ER0wrtXnBruoNd7aNjkbP+k=
github.com/modern-go/concurrent v0.0.0-20180228061459-e0a39a4cb421/go.mod h1:6dJC0mAP4ikYIbvyc7fijjWJddQyLn8Ig3JB5CqoB9Q=
github.com/modern-go/concurrent v0.0.0-20180306012644-bacd9c7ef1dd h1:TRLaZ9cD/w8PVh93nsPXa1VrQ6jlwL5oN8l14QlcNfg=
github.com/modern-go/concurrent v0.0.0-20180306012644-bacd9c7ef1dd/go.mod h1:6dJC0mAP4ikYIbvyc7fijjWJddQyLn8Ig3JB5CqoB9Q=
github.com/modern-go/reflect2 v1.0.2 h1:xBagoLtFs94CBntxluKeaWgTMpvLxC4ur3nMaC9Gz0M=
github.com/modern-go/reflect2 v1.0.2/go.mod h1:yWuevngMOJpCy52FWWMvUC8ws7m/LJsjYzDa0/r8luk=
github.com/munnerz/goautoneg v0.0.0-20191010083416-a7dc8b61c822 h1:C3w9PqII01/Oq1c1nUAm88MOHcQC9l5mIlSMApZMrHA=
github.com/munnerz/goautoneg v0.0.0-20191010083416-a7dc8b61c822/go.mod h1:+n7T8mK8HuQTcFwEeznm/DIxMOiR9yIdICNftLE1DvQ=
github.com/onsi/ginkgo/v2 v2.14.0 h1:vSmGj2Z5YPb9JwCWT6z6ihcUvDhuXLc3sJiqd3jMKAY=
github.com/onsi/ginkgo/v2 v2.14.0/go.mod h1:JkUdW7JkN0V6rFvsHcJ478egV3XH9NxpD27Hal/PhZw=
github.com/onsi/gomega v1.30.0 h1:hvMK7xYz4D3HapigLTeGdId/NcfQx1VHMJc60ew99+8=
github.com/onsi/gomega v1.30.0/go.mod h1:9sxs+SwGrKI0+PWe4Fxa9tFQQBG5xSsSbMXOI8PPpoQ=
github.com/pkg/errors v0.9.1 h1:FEBLx1zS214owpjy7qsBeixbURkuhQAwrK5UwLGTwt4=
github.com/pkg/errors v0.9.1/go.mod h1:bwawxfHBFNV+L2hUp1rHADufV3IMtnDRdf1r5NINEl0=
github.com/pmezard/go-difflib v1.0.0 h1:4DBwDE0NGyQoBHbLQYPwSUPoCMWR5BEzIk/f1lZbAQM=
github.com/pmezard/go-difflib v1.0.0/go.mod h1:iKH77koFhYxTK1pcRnkKkqfTogsbg7gZNVY4sRDYZ/4=
github.com/prometheus/client_golang v1.18.0 h1:HzFfmkOzH5Q8L8G+kSJKUx5dtG87sewO+FoDDqP5Tbk=
github.com/prometheus/client_golang v1.18.0/go.mod h1:T+GXkCk5wSJyOqMIzVgvvjFDlkOQntgjkJWKrN5txjA=
github.com/prometheus/client_model v0.5.0 h1:VQw1hfvPvk3Uv6Qf29VrPF32JB6rtbgI6cYPYQjL0Qw=
github.com/prometheus/client_model v0.5.0/go.mod h1:dTiFglRmd66nLR9Pv9f0mZi7B7fk5Pm3gvsjB5tr+kI=
github.com/prometheus/common v0.45.0 h1:2BGz0eBc2hdMDLnO/8n0jeB3oPrt2D08CekT0lneoxM=
github.com/prometheus/common v0.45.0/go.mod h1:YJmSTw9BoKxJplESWWxlbyttQR4uaEcGyv9MZjVOJsY=
github.com/prometheus/procfs v0.12.0 h1:jluTpSng7V9hY0O2R9DzzJHYb2xULk9VTR1V1R/k6Bo=
github.com/prometheus/procfs v0.12.0/go.mod h1:pcuDEFsWDnvcgNzo4EEweacyhjeA9Zk3cnaOZAZEfOo=
github.com/rogpeppe/go-internal v1.10.0 h1:TMyTOH3F/DB16zRVcYyreMH6GnZZrwQVAoYjRBZyWFQ=
github.com/rogpeppe/go-internal v1.10.0/go.mod h1:UQnix2H7Ngw/k4C5ijL5+65zddjncjaFoBhdsK/akog=
github.com/spf13/pflag v1.0.5 h1:iy+VFUOCP1a+8yFto/drg2CJ5u0yRoB7fZw3DKv/JXA=
github.com/spf13/pflag v1.0.5/go.mod h1:McXfInJRrz4CZXVZOBLb0bTZqETkiAhM9Iw0y3An2Bg=
github.com/stretchr/objx v0.1.0/go.mod h1:HFkY916IF+rwdDfMAkV7OtwuqBVzrE8GR6GFx+wExME=
github.com/stretchr/objx v0.4.0/go.mod h1:YvHI0jy2hoMjB+UWwv71VJQ9isScKT/TqJzVSSt89Yw=
github.com/stretchr/objx v0.5.0/go.mod h1:Yh+to48EsGEfYuaHDzXPcE3xhTkx73EhmCGUpEOglKo=
github.com/stretchr/testify v1.3.0/go.mod h1:M5WIy9Dh21IEIfnGCwXGc5bZfKNJtfHm1UVUgZn+9EI=
github.com/stretchr/testify v1.6.1/go.mod h1:6Fq8oRcR53rry900zMqJjRRixrwX3KX962/h/Wwjteg=
github.com/stretchr/testify v1.7.1/go.mod h1:6Fq8oRcR53rry900zMqJjRRixrwX3KX962/h/Wwjteg=
github.com/stretchr/testify v1.8.0/go.mod h1:yNjHg4UonilssWZ8iaSj1OCr/vHnekPRkoO+kdMU+MU=
github.com/stretchr/testify v1.8.1/go.mod h1:w2LPCIKwWwSfY2zedu0+kehJoqGctiVI29o6fzry7u4=
github.com/stretchr/testify v1.8.4 h1:CcVxjf3Q8PM0mHUKJCdn+eZZtm5yQwehR5yeSVQQcUk=
github.com/stretchr/testify v1.8.4/go.mod h1:sz/lmYIOXD/1dqDmKjjqLyZ2RngseejIcXlSw2iwfAo=
github.com/yuin/goldmark v1.1.27/go.mod h1:3hX8gzYuyVAZsxl0MRgGTJEmQBFcNTphYh9decYSb74=
github.com/yuin/goldmark v1.2.1/go.mod h1:3hX8gzYuyVAZsxl0MRgGTJEmQBFcNTphYh9decYSb74=
go.uber.org/goleak v1.3.0 h1:2K3zAYmnTNqV73imy9J1T3WC+gmCePx2hEGkimedGto=
go.uber.org/goleak v1.3.0/go.mod h1:CoHD4mav9JJNrW/WLlf7HGZPjdw8EucARQHekz1X6bE=
go.uber.org/multierr v1.11.0 h1:blXXJkSxSSfBVBlC76pxqeO+LN3aDfLQo+309xJstO0=
go.uber.org/multierr v1.11.0/go.mod h1:20+QtiLqy0Nd6FdQB9TLXag12DsQkrbs3htMFfDN80Y=
go.uber.org/zap v1.26.0 h1:sI7k6L95XOKS281NhVKOFCUNIvv9e0w4BF8N3u+tCRo=
go.uber.org/zap v1.26.0/go.mod h1:dtElttAiwGvoJ/vj4IwHBS/gXsEu/pZ50mUIRWuG0so=
golang.org/x/crypto v0.0.0-20190308221718-c2843e01d9a2/go.mod h1:djNgcEr1/C05ACkg1iLfiJU5Ep61QUkGW8qpdssI0+w=
golang.org/x/crypto v0.0.0-20191011191535-87dc89f01550/go.mod h1:yigFU9vqHzYiE8UmvKecakEJjdnWj3jj499lnFckfCI=
golang.org/x/crypto v0.0.0-20200622213623-75b288015ac9/go.mod h1:LzIPMQfyMNhhGPhUkYOs5KpL4U8rLKemX1yGLhDgUto=
golang.org/x/exp v0.0.0-20220722155223-a9213eeb770e h1:+WEEuIdZHnUeJJmEUjyYC2gfUMj69yZXw17EnHg/otA=
golang.org/x/exp v0.0.0-20220722155223-a9213eeb770e/go.mod h1:Kr81I6Kryrl9sr8s2FK3vxD90NdsKWRuOIl2O4CvYbA=
golang.org/x/mod v0.2.0/go.mod h1:s0Qsj1ACt9ePp/hMypM3fl4fZqREWJwdYDEqhRiZZUA=
golang.org/x/mod v0.3.0/go.mod h1:s0Qsj1ACt9ePp/hMypM3fl4fZqREWJwdYDEqhRiZZUA=
golang.org/x/net v0.0.0-20190404232315-eb5bcb51f2a3/go.mod h1:t9HGtf8HONx5eT2rtn7q6eTqICYqUVnKs3thJo3Qplg=
golang.org/x/net v0.0.0-20190603091049-60506f45cf65/go.mod h1:HSz+uSET+XFnRR8LxR5pz3Of3rY3CfYBVs4xY44aLks=
golang.org/x/net v0.0.0-20190620200207-3b0461eec859/go.mod h1:z5CRVTTTmAJ677TzLLGU+0bjPO0LkuOLi4/5GtJWs/s=
golang.org/x/net v0.0.0-20200226121028-0de0cce0169b/go.mod h1:z5CRVTTTmAJ677TzLLGU+0bjPO0LkuOLi4/5GtJWs/s=
golang.org/x/net v0.0.0-20201021035429-f5854403a974/go.mod h1:sp8m0HH+o8qH0wwXwYZr8TS3Oi6o0r6Gce1SSxlDquU=
golang.org/x/net v0.19.0 h1:zTwKpTd2XuCqf8huc7Fo2iSy+4RHPd10s4KzeTnVr1c=
golang.org/x/net v0.19.0/go.mod h1:CfAk/cbD4CthTvqiEl8NpboMuiuOYsAr/7NOjZJtv1U=
golang.org/x/oauth2 v0.12.0 h1:smVPGxink+n1ZI5pkQa8y6fZT0RW0MgCO5bFpepy4B4=
golang.org/x/oauth2 v0.12.0/go.mod h1:A74bZ3aGXgCY0qaIC9Ahg6Lglin4AMAco8cIv9baba4=
golang.org/x/sync v0.0.0-20190423024810-112230192c58/go.mod h1:RxMgew5VJxzue5/jJTE5uejpjVlOe/izrB70Jof72aM=
golang.org/x/sync v0.0.0-20190911185100-cd5d95a43a6e/go.mod h1:RxMgew5VJxzue5/jJTE5uejpjVlOe/izrB70Jof72aM=
golang.org/x/sync v0.0.0-20201020160332-67f06af15bc9/go.mod h1:RxMgew5VJxzue5/jJTE5uejpjVlOe/izrB70Jof72aM=
golang.org/x/sys v0.0.0-20190215142949-d0b11bdaac8a/go.mod h1:STP8DvDyc/dI5b8T5hshtkjS+E42TnysNCUPdjciGhY=
golang.org/x/sys v0.0.0-20190412213103-97732733099d/go.mod h1:h1NjWce9XRLGQEsW7wpKNCjG9DtNlClVuFLEZdDNbEs=
golang.org/x/sys v0.0.0-20191204072324-ce4227a45e2e/go.mod h1:h1NjWce9XRLGQEsW7wpKNCjG9DtNlClVuFLEZdDNbEs=
golang.org/x/sys v0.0.0-20200930185726-fdedc70b468f/go.mod h1:h1NjWce9XRLGQEsW7wpKNCjG9DtNlClVuFLEZdDNbEs=
golang.org/x/sys v0.16.0 h1:xWw16ngr6ZMtmxDyKyIgsE93KNKz5HKmMa3b8ALHidU=
golang.org/x/sys v0.16.0/go.mod h1:/VUhepiaJMQUp4+oa/7Zr1D23ma6VTLIYjOOTFZPUcA=
golang.org/x/term v0.15.0 h1:y/Oo/a/q3IXu26lQgl04j/gjuBDOBlx7X6Om1j2CPW4=
golang.org/x/term v0.15.0/go.mod h1:BDl952bC7+uMoWR75FIrCDx79TPU9oHkTZ9yRbYOrX0=
golang.org/x/text v0.3.0/go.mod h1:NqM8EUOU14njkJ3fqMW+pc6Ldnwhi/IjpwHt7yyuwOQ=
golang.org/x/text v0.3.2/go.mod h1:bEr9sfX3Q8Zfm5fL9x+3itogRgK3+ptLWKqgva+5dAk=
golang.org/x/text v0.3.3/go.mod h1:5Zoc/QRtKVWzQhOtBMvqHzDpF6irO9z98xDceosuGiQ=
golang.org/x/text v0.14.0 h1:ScX5w1eTa3QqT8oi6+ziP7dTV1S2+ALU0bI+0zXKWiQ=
golang.org/x/text v0.14.0/go.mod h1:18ZOQIKpY8NJVqYksKHtTdi31H5itFRjB5/qKTNYzSU=
golang.org/x/time v0.3.0 h1:rg5rLMjNzMS1RkNLzCG38eapWhnYLFYXDXj2gOlr8j4=
golang.org/x/time v0.3.0/go.mod h1:tRJNPiyCQ0inRvYxbN9jk5I+vvW/OXSQhTDSoE431IQ=
golang.org/x/tools v0.0.0-20180917221912-90fa682c2a6e/go.mod h1:n7NCudcB/nEzxVGmLbDWY5pfWTLqBcC2KZ6jyYvM4mQ=
golang.org/x/tools v0.0.0-20191119224855-298f0cb1881e/go.mod h1:b+2E5dAYhXwXZwtnZ6UAqBI28+e2cm9otk0dWdXHAEo=
golang.org/x/tools v0.0.0-20200619180055-7c47624df98f/go.mod h1:EkVYQZoAsY45+roYkvgYkIh4xh/qjgUK9TdY2XT94GE=
golang.org/x/tools v0.0.0-20210106214847-113979e3529a/go.mod h1:emZCQorbCU4vsT4fOWvOPXz4eW1wZW4PmDk9uLelYpA=
golang.org/x/tools v0.16.1 h1:TLyB3WofjdOEepBHAU20JdNC1Zbg87elYofWYAY5oZA=
golang.org/x/tools v0.16.1/go.mod h1:kYVVN6I1mBNoB1OX+noeBjbRk4IUEPa7JJ+TJMEooJ0=
golang.org/x/xerrors v0.0.0-20190717185122-a985d3407aa7/go.mod h1:I/5z698sn9Ka8TeJc9MKroUUfqBBauWjQqLJ2OPfmY0=
golang.org/x/xerrors v0.0.0-20191011141410-1b5146add898/go.mod h1:I/5z698sn9Ka8TeJc9MKroUUfqBBauWjQqLJ2OPfmY0=
golang.org/x/xerrors v0.0.0-20191204190536-9bdfabe68543/go.mod h1:I/5z698sn9Ka8TeJc9MKroUUfqBBauWjQqLJ2OPfmY0=
golang.org/x/xerrors v0.0.0-20200804184101-5ec99f83aff1/go.mod h1:I/5z698sn9Ka8TeJc9MKroUUfqBBauWjQqLJ2OPfmY0=
gomodules.xyz/jsonpatch/v2 v2.4.0 h1:Ci3iUJyx9UeRx7CeFN8ARgGbkESwJK+KB9lLcWxY/Zw=
gomodules.xyz/jsonpatch/v2 v2.4.0/go.mod h1:AH3dM2RI6uoBZxn3LVrfvJ3E0/9dG4cSrbuBJT4moAY=
google.golang.org/appengine v1.6.7 h1:FZR1q0exgwxzPzp/aF+VccGrSfxfPpkBqjIIEq3ru6c=
google.golang.org/appengine v1.6.7/go.mod h1:8WjMMxjGQR8xUklV/ARdw2HLXBOI7O7uCIDZVag1xfc=
google.golang.org/protobuf v1.26.0-rc.1/go.mod h1:jlhhOSvTdKEhbULTjvd4ARK9grFBp09yW+WbY/TyQbw=
google.golang.org/protobuf v1.26.0/go.mod h1:9q0QmTI4eRPtz6boOQmLYwt+qCgq0jsYwAQnmE0givc=
google.golang.org/protobuf v1.31.0 h1:g0LDEJHgrBl9N9r17Ru3sqWhkIx2NB67okBHPwC7hs8=
google.golang.org/protobuf v1.31.0/go.mod h1:HV8QOd/L58Z+nl8r43ehVNZIU/HEI6OcFqwMG9pJV4I=
gopkg.in/check.v1 v0.0.0-20161208181325-20d25e280405/go.mod h1:Co6ibVJAznAaIkqp8huTwlJQCZ016jof/cbN4VW5Yz0=
gopkg.in/check.v1 v1.0.0-20201130134442-10cb98267c6c h1:Hei/4ADfdWqJk1ZMxUNpqntNwaWcugrBjAiHlqqRiVk=
gopkg.in/check.v1 v1.0.0-20201130134442-10cb98267c6c/go.mod h1:JHkPIbrfpd72SG/EVd6muEfDQjcINNoR0C8j2r3qZ4Q=
gopkg.in/inf.v0 v0.9.1 h1:73M5CoZyi3ZLMOyDlQh031Cx6N9NDJ2Vvfl76EDAgDc=
gopkg.in/inf.v0 v0.9.1/go.mod h1:cWUDdTG/fYaXco+Dcufb5Vnc6Gp2YChqWtbxRZE0mXw=
gopkg.in/yaml.v2 v2.2.8/go.mod h1:hI93XBmqTisBFMUTm0b8Fm+jr3Dg1NNxqwp+5A1VGuI=
gopkg.in/yaml.v2 v2.4.0 h1:D8xgwECY7CYvx+Y2n4sBz93Jn9JRvxdiyyo8CTfuKaY=
gopkg.in/yaml.v2 v2.4.0/go.mod h1:RDklbk79AGWmwhnvt/jBztapEOGDOx6ZbXqjP6csGnQ=
gopkg.in/yaml.v3 v3.0.0-20200313102051-9f266ea9e77c/go.mod h1:K4uyk7z7BCEPqu6E+C64Yfv1cQ7kz7rIZviUmN+EgEM=
gopkg.in/yaml.v3 v3.0.1 h1:fxVm/GzAzEWqLHuvctI91KS9hhNmmWOoWu0XTYJS7CA=
gopkg.in/yaml.v3 v3.0.1/go.mod h1:K4uyk7z7BCEPqu6E+C64Yfv1cQ7kz7rIZviUmN+EgEM=
k8s.io/api v0.29.0 h1:NiCdQMY1QOp1H8lfRyeEf8eOwV6+0xA6XEE44ohDX2A=
k8s.io/api v0.29.0/go.mod h1:sdVmXoz2Bo/cb77Pxi71IPTSErEW32xa4aXwKH7gfBA=
k8s.io/apiextensions-apiserver v0.29.0 h1:0VuspFG7Hj+SxyF/Z/2T0uFbI5gb5LRgEyUVE3Q4lV0=
k8s.io/apiextensions-apiserver v0.29.0/go.mod h1:TKmpy3bTS0mr9pylH0nOt/QzQRrW7/h7yLdRForMZwc=
k8s.io/apimachinery v0.29.0 h1:+ACVktwyicPz0oc6MTMLwa2Pw3ouLAfAon1wPLtG48o=
k8s.io/apimachinery v0.29.0/go.mod h1:eVBxQ/cwiJxH58eK/jd/vAk4mrxmVlnpBH5J2GbMeis=
k8s.io/client-go v0.29.0 h1:KmlDtFcrdUzOYrBhXHgKw5ycWzc3ryPX5mQe0SkG3y8=
k8s.io/client-go v0.29.0/go.mod h1:yLkXH4HKMAywcrD82KMSmfYg2DlE8mepPR4JGSo5n38=
k8s.io/component-base v0.29.0 h1:T7rjd5wvLnPBV1vC4zWd/iWRbV8Mdxs+nGaoaFzGw3s=
k8s.io/component-base v0.29.0/go.mod h1:sADonFTQ9Zc9yFLghpDpmNXEdHyQmFIGbiuZbqAXQ1M=
k8s.io/klog/v2 v2.110.1 h1:U/Af64HJf7FcwMcXyKm2RPM22WZzyR7OSpYj5tg3cL0=
k8s.io/klog/v2 v2.110.1/go.mod h1:YGtd1984u+GgbuZ7e08/yBuAfKLSO0+uR1Fhi6ExXjo=
k8s.io/kube-openapi v0.0.0-20231010175941-2dd684a91f00 h1:aVUu9fTY98ivBPKR9Y5w/AuzbMm96cd3YHRTU83I780=
k8s.io/kube-openapi v0.0.0-20231010175941-2dd684a91f00/go.mod h1:AsvuZPBlUDVuCdzJ87iajxtXuR9oktsTctW/R9wwouA=
k8s.io/utils v0.0.0-20230726121419-3b25d923346b h1:sgn3ZU783SCgtaSJjpcVVlRqd6GSnlTLKgpAAttJvpI=
k8s.io/utils v0.0.0-20230726121419-3b25d923346b/go.mod h1:OLgZIPagt7ERELqWJFomSt595RzquPNLL48iOWgYOg0=
sigs.k8s.io/controller-runtime v0.17.0 h1:fjJQf8Ukya+VjogLO6/bNX9HE6Y2xpsO5+fyS26ur/s=
sigs.k8s.io/controller-runtime v0.17.0/go.mod h1:+MngTvIQQQhfXtwfdGw/UOQ/aIaqsYywfCINOtwMO/s=
sigs.k8s.io/json v0.0.0-20221116044647-bc3834ca7abd h1:EDPBXCAspyGV4jQlpZSudPeMmr1bNJefnuqLsRAsHZo=
sigs.k8s.io/json v0.0.0-20221116044647-bc3834ca7abd/go.mod h1:B8JuhiUyNFVKdsE8h686QcCxMaH6HrOAZj4vswFpcB0=
sigs.k8s.io/structured-merge-diff/v4 v4.4.1 h1:150L+0vs/8DA78h1u02ooW1/fFq/Lwr+sGiqlzvrtq4=
sigs.k8s.io/structured-merge-diff/v4 v4.4.1/go.mod h1:N8hJocpFajUSSeSJ9bOZ77VzejKZaXsTtZo4/u7Io08=
sigs.k8s.io/yaml v1.4.0 h1:Mk1wCc2gy/F0THH0TAp1QYyJNzRm2KCLy3o5ASXVI5E=
sigs.k8s.io/yaml v1.4.0/go.mod h1:Ejl7/uTz7PSA4eKMyQCUTnhZYNmLIl+5c2lQPGR2BPY=
