# EC2VPCCidrBlock — EC2 & VPC
# Full-options example generated from the CRD schema. Optional fields are
# included with sample values; delete what you don't need. Field reference:
# https://konfig-konector.io/docs/ec2.html#ec2vpccidrblock
apiVersion: aws.konfig.io/v1alpha1
kind: EC2VPCCidrBlock
metadata:
  name: example-ec2vpccidrblock
  namespace: default
spec:
  amazonProvidedIpv6CidrBlock: false
  cidrBlock: 10.0.0.0/16
  ipv4NetmaskLength: 1
  ipv6CidrBlock: 2001:db8::/56
  ipv6CidrBlockNetworkBorderGroup: 10.0.0.0/16
  ipv6NetmaskLength: 1
  ipv6Pool: example
  providerRef:
    name: example-ec2vpccidrblock
    region: us-east-1
  vpcId: vpc-0abc12def3456789
